{
  "projects": [
    {
      "projectId": "5dGW8Awro3qq8Hh5MveXLP",
      "version": "1.8.0",
      "dependencies": {},
      "lang": "ts",
      "fileLocks": [
        {
          "assetId": "5dGW8Awro3qq8Hh5MveXLP",
          "type": "projectCss",
          "checksum": "07c36a38799842526776097683a8c192"
        }
      ],
      "codegenVersion": "0.0.1"
    },
    {
      "projectId": "eiC1VCbma8t6iMexZerqLa",
      "version": "5.9.0",
      "dependencies": {},
      "lang": "ts",
      "fileLocks": [
        {
          "assetId": "eiC1VCbma8t6iMexZerqLa",
          "type": "projectCss",
          "checksum": "9fd1981397d1940c09c983c60f56c1aa"
        },
        {
          "assetId": "eiC1VCbma8t6iMexZerqLa",
          "checksum": "f30f17fc84aa9668539d66ec1f5d6937",
          "type": "globalContexts"
        }
      ],
      "codegenVersion": "0.0.1"
    },
    {
      "projectId": "xp1p7dmg329XVLHyuEUxD2",
      "version": "11.10.0",
      "dependencies": {},
      "lang": "ts",
      "fileLocks": [
        {
          "assetId": "xp1p7dmg329XVLHyuEUxD2",
          "type": "projectCss",
          "checksum": "c67779c0ac94f012f2262c9d88c07cb4"
        }
      ],
      "codegenVersion": "0.0.1"
    },
    {
      "projectId": "84wxoth5npGrp6RRXPL88z",
      "version": "4.8.0",
      "dependencies": {},
      "lang": "ts",
      "fileLocks": [
        {
          "assetId": "84wxoth5npGrp6RRXPL88z",
          "type": "projectCss",
          "checksum": "19d873a43cd29ae40e2d9c68ba437a3e"
        },
        {
          "assetId": "84wxoth5npGrp6RRXPL88z",
          "checksum": "d5dcbb72688a7935971d853f790bc38e",
          "type": "globalContexts"
        }
      ],
      "codegenVersion": "0.0.1"
    },
    {
      "projectId": "szjgMQpPpxhmkjnaBvZQJG",
      "version": "2.8.0",
      "dependencies": {},
      "lang": "ts",
      "fileLocks": [
        {
          "assetId": "szjgMQpPpxhmkjnaBvZQJG",
          "type": "projectCss",
          "checksum": "f79d5c445a5793a8dd0b52ee8fc9a720"
        }
      ],
      "codegenVersion": "0.0.1"
    },
    {
      "projectId": "58GpZjZCWTaJ8AUhpCwt2K",
      "version": "3.8.0",
      "dependencies": {},
      "lang": "ts",
      "fileLocks": [
        {
          "assetId": "58GpZjZCWTaJ8AUhpCwt2K",
          "type": "projectCss",
          "checksum": "dbf25c878cd885da8866557c058b53ff"
        }
      ],
      "codegenVersion": "0.0.1"
    },
    {
      "projectId": "enk3K4vZ6pmH6kVCoZJXGn",
      "version": "4.8.0",
      "dependencies": {},
      "lang": "ts",
      "fileLocks": [
        {
          "assetId": "enk3K4vZ6pmH6kVCoZJXGn",
          "type": "projectCss",
          "checksum": "c42e59ee15cc10252185cac7431de29a"
        }
      ],
      "codegenVersion": "0.0.1"
    },
    {
      "projectId": "caTPwKxj5ZrD9LQ7DMdK4Z",
      "version": "3.11.0",
      "dependencies": {},
      "lang": "ts",
      "fileLocks": [
        {
          "assetId": "caTPwKxj5ZrD9LQ7DMdK4Z",
          "type": "projectCss",
          "checksum": "3f861d9934733b06ddcc0158487615ce"
        }
      ],
      "codegenVersion": "0.0.1"
    },
    {
      "projectId": "x2CpsrHBvuW1zdv5pEkF5Z",
      "version": "latest",
      "dependencies": {
        "caTPwKxj5ZrD9LQ7DMdK4Z": "3.11.0",
        "enk3K4vZ6pmH6kVCoZJXGn": "4.8.0",
        "58GpZjZCWTaJ8AUhpCwt2K": "3.8.0",
        "szjgMQpPpxhmkjnaBvZQJG": "2.8.0",
        "84wxoth5npGrp6RRXPL88z": "4.8.0",
        "xp1p7dmg329XVLHyuEUxD2": "11.10.0",
        "eiC1VCbma8t6iMexZerqLa": "5.9.0",
        "5dGW8Awro3qq8Hh5MveXLP": "1.8.0"
      },
      "lang": "ts",
      "fileLocks": [
        {
          "type": "globalVariant",
          "assetId": "jNH4r65QhDehJ",
          "checksum": "ed546746f0ff4b5bb95c221ad760da4c"
        },
        {
          "assetId": "x2CpsrHBvuW1zdv5pEkF5Z",
          "type": "projectCss",
          "checksum": "c773bebb3f75e0eb0dd9e4d5e1726aa4"
        },
        {
          "assetId": "x2CpsrHBvuW1zdv5pEkF5Z",
          "checksum": "85c2c0e08c68e3fed3673993fe785e3e",
          "type": "globalContexts"
        },
        {
          "type": "renderModule",
          "assetId": "5NWFVBf1bMUV",
          "checksum": "5c07e2a2ad958569bd705ec67d4627ab"
        },
        {
          "type": "cssRules",
          "assetId": "5NWFVBf1bMUV",
          "checksum": "5c07e2a2ad958569bd705ec67d4627ab"
        },
        {
          "type": "renderModule",
          "assetId": "0GSRDNreqxvH",
          "checksum": "dc5b369769bea6ed518ba154679a2765"
        },
        {
          "type": "cssRules",
          "assetId": "0GSRDNreqxvH",
          "checksum": "dc5b369769bea6ed518ba154679a2765"
        },
        {
          "type": "renderModule",
          "assetId": "BPdr9UnkUGcde",
          "checksum": "53b5bebd3f8cde3c0a845a9bb74e2f2d"
        },
        {
          "type": "cssRules",
          "assetId": "BPdr9UnkUGcde",
          "checksum": "53b5bebd3f8cde3c0a845a9bb74e2f2d"
        },
        {
          "type": "renderModule",
          "assetId": "iSh5ehqohY",
          "checksum": "6cf0215512a86ec958d99fdd6276d136"
        },
        {
          "type": "cssRules",
          "assetId": "iSh5ehqohY",
          "checksum": "6cf0215512a86ec958d99fdd6276d136"
        },
        {
          "type": "renderModule",
          "assetId": "wd5nAohZ5Tw",
          "checksum": "d09d7f3670fdaee0174924ebb66eeb49"
        },
        {
          "type": "cssRules",
          "assetId": "wd5nAohZ5Tw",
          "checksum": "d09d7f3670fdaee0174924ebb66eeb49"
        },
        {
          "type": "renderModule",
          "assetId": "8y0EWuFHRBh",
          "checksum": "4cd70fe10a608aa6c6bb433f64d00580"
        },
        {
          "type": "cssRules",
          "assetId": "8y0EWuFHRBh",
          "checksum": "4cd70fe10a608aa6c6bb433f64d00580"
        },
        {
          "type": "renderModule",
          "assetId": "6tEZDIlQ3KL",
          "checksum": "9b57d602425c095054e66e10aab462a3"
        },
        {
          "type": "cssRules",
          "assetId": "6tEZDIlQ3KL",
          "checksum": "9b57d602425c095054e66e10aab462a3"
        },
        {
          "type": "renderModule",
          "assetId": "1afyPt5Gh0q",
          "checksum": "e6045188a52656cae8d016ee7ecc5b5b"
        },
        {
          "type": "cssRules",
          "assetId": "1afyPt5Gh0q",
          "checksum": "e6045188a52656cae8d016ee7ecc5b5b"
        },
        {
          "type": "renderModule",
          "assetId": "yJQJQRQE7L",
          "checksum": "e41630f6263a1e5072d87a6f1d9b2f10"
        },
        {
          "type": "cssRules",
          "assetId": "yJQJQRQE7L",
          "checksum": "e41630f6263a1e5072d87a6f1d9b2f10"
        },
        {
          "type": "renderModule",
          "assetId": "IDlLfPVadLh",
          "checksum": "5d1655466d8b2672ccde997b6e95dc53"
        },
        {
          "type": "cssRules",
          "assetId": "IDlLfPVadLh",
          "checksum": "5d1655466d8b2672ccde997b6e95dc53"
        },
        {
          "type": "renderModule",
          "assetId": "rDEJujvel4T",
          "checksum": "babc3f00b47d7367a0db4cc5f157d383"
        },
        {
          "type": "cssRules",
          "assetId": "rDEJujvel4T",
          "checksum": "babc3f00b47d7367a0db4cc5f157d383"
        },
        {
          "type": "renderModule",
          "assetId": "GuV31ro_WY",
          "checksum": "2cc086fe3ebc969cf92141c07b4bdeb7"
        },
        {
          "type": "cssRules",
          "assetId": "GuV31ro_WY",
          "checksum": "2cc086fe3ebc969cf92141c07b4bdeb7"
        },
        {
          "type": "renderModule",
          "assetId": "cGx5Wjz36tS",
          "checksum": "98ca037ad0fa08aa46bd32a032635365"
        },
        {
          "type": "cssRules",
          "assetId": "cGx5Wjz36tS",
          "checksum": "98ca037ad0fa08aa46bd32a032635365"
        },
        {
          "type": "renderModule",
          "assetId": "3vLgE3krIC",
          "checksum": "b35664b73041dd2bc39e47ed37a1ce29"
        },
        {
          "type": "cssRules",
          "assetId": "3vLgE3krIC",
          "checksum": "b35664b73041dd2bc39e47ed37a1ce29"
        },
        {
          "type": "icon",
          "assetId": "RXtLxgj3os6IA",
          "checksum": "2c6439c086b91897fc23a0786fc1c6c4"
        },
        {
          "type": "icon",
          "assetId": "tDLsyY6XWLzrO",
          "checksum": "c754910fd5fd9cebd6e5ad0e677e9857"
        },
        {
          "type": "icon",
          "assetId": "f4b226_qaFgSE",
          "checksum": "54163fa6959619ac25bf8a52a497943d"
        },
        {
          "type": "icon",
          "assetId": "qdO_XRGuMl3T0",
          "checksum": "69d9e7b3681b9689a75e8c7eeecb59cf"
        },
        {
          "type": "icon",
          "assetId": "ZvfnMOsJfTQfG",
          "checksum": "911a4e5e2836318db89971bbfb2a2ab5"
        },
        {
          "type": "icon",
          "assetId": "cQ9Mr-9c9FWo6",
          "checksum": "bc32d3129ae6dbe02589d0327d749e56"
        },
        {
          "type": "image",
          "assetId": "BbX2ajQIuSpXL",
          "checksum": "41fd5942d24229baa428fcc1ab3c8b83"
        },
        {
          "type": "image",
          "assetId": "fkiAruEUVdO1R",
          "checksum": "8a43640025c2970e388a09dab86ef0e3"
        },
        {
          "type": "image",
          "assetId": "SKzJ4sWX9XT_Z",
          "checksum": "1ff0b7230b438e9e1c764b5342089eff"
        },
        {
          "type": "image",
          "assetId": "xecuq_OBDfYkT",
          "checksum": "3397294b132b87811f1b0b66f38c0ca2"
        },
        {
          "type": "image",
          "assetId": "17n2Ef_jS8Q-C",
          "checksum": "ecf67363ec460e7c8aa97dfac3957e3e"
        },
        {
          "type": "image",
          "assetId": "c6Dz0zINJ3Lxc",
          "checksum": "6d08dd1d5ccd9d11d4b8b1989199b677"
        },
        {
          "type": "image",
          "assetId": "QLi2AftXeJTWD",
          "checksum": "6a5f607c9543279d60f61c4aca7327df"
        },
        {
          "type": "image",
          "assetId": "FklFinzvMtoXk",
          "checksum": "d905c96f9f52d63fb13fefa8226e9e79"
        },
        {
          "type": "image",
          "assetId": "OmLgcR2KgB0Ci",
          "checksum": "0507934ca90cbfdffde5335c00219d3b"
        },
        {
          "type": "image",
          "assetId": "-D5WEEPSZmUAj",
          "checksum": "b9ffe4781e15ab166fd31114100f8f6f"
        },
        {
          "type": "image",
          "assetId": "QPFGa3ttq33oH",
          "checksum": "27e10519c36abc1d51480ee54e21bd39"
        },
        {
          "type": "image",
          "assetId": "dscWH7Gh-v9IU",
          "checksum": "5b6dd7b3561cfceb68522d16c242c6d9"
        },
        {
          "type": "image",
          "assetId": "vemFS-lYeBbSm",
          "checksum": "541a40afbb03ec8ace58798dc9dd33f8"
        },
        {
          "type": "image",
          "assetId": "NHAUzIu3_k0Fm",
          "checksum": "5f97209dba13c330655a0b2e4c49bcef"
        },
        {
          "type": "image",
          "assetId": "AYWyUgAbb4RWp",
          "checksum": "75dd296ecb024d0deb484346bbe6b982"
        },
        {
          "type": "image",
          "assetId": "AoKuNQctXDxzx",
          "checksum": "66281e8b708da7e1357d655929d22760"
        },
        {
          "type": "image",
          "assetId": "eAP2jszDRhrcE",
          "checksum": "189a527558a517daafb005df4475ab61"
        },
        {
          "type": "image",
          "assetId": "3259ZwlxWwIYA",
          "checksum": "bfc46dedce4b1ff4507915c0668a433f"
        },
        {
          "type": "image",
          "assetId": "nOmC47cgRkNIb",
          "checksum": "2117dd731dc7d08e28d71475daccfc42"
        },
        {
          "type": "image",
          "assetId": "xEzF70xuSs0by",
          "checksum": "a99e980cebe43ec940d13447ed1e4326"
        },
        {
          "type": "image",
          "assetId": "vzYxVCpYJLPSZ",
          "checksum": "c9cf1a5899a3e4d3969e06ee24325671"
        },
        {
          "type": "image",
          "assetId": "N89tseehIvjyf",
          "checksum": "b7b24b31925acc5406f82067228863f1"
        },
        {
          "type": "image",
          "assetId": "xByCcis-pbNkE",
          "checksum": "7f122848425f00d3f06fc93f610cb7cd"
        },
        {
          "type": "image",
          "assetId": "5ZSz_hhg9De1Q",
          "checksum": "2a213f15461ca5f9aab0bfee8e3fe332"
        },
        {
          "type": "image",
          "assetId": "0eYproaUs",
          "checksum": "df2753036569aa946c60c759c1f3f8a9"
        },
        {
          "type": "image",
          "assetId": "7NL4at013",
          "checksum": "3125cec10a087f8051adac7c7c8a1aa0"
        },
        {
          "type": "image",
          "assetId": "yeOOCnLYw",
          "checksum": "13445366d0ae615b9510cf38f10d5360"
        },
        {
          "type": "image",
          "assetId": "fLJc-vEW8",
          "checksum": "fcee11dde207cfc7c08aa715207ef51c"
        },
        {
          "type": "image",
          "assetId": "_EbRmFxzf",
          "checksum": "6a028c16792f65218fcc97dd8792a4b5"
        },
        {
          "type": "image",
          "assetId": "r-KG85DOq",
          "checksum": "c480278119ee55286c927d9efe2d5838"
        },
        {
          "type": "image",
          "assetId": "DxCorkRMq",
          "checksum": "c7657cb89cdc39caf3262a8f3ff5fd9d"
        },
        {
          "type": "image",
          "assetId": "aP9Iaewm4",
          "checksum": "0c1c3a5f1ac71a126bc3655d6f1a96ae"
        },
        {
          "type": "image",
          "assetId": "VGvnaytVe",
          "checksum": "06bf5a042350605ffe0fea0d25df0399"
        },
        {
          "type": "image",
          "assetId": "Z05FbM3--",
          "checksum": "b5dcf103a66a7c280895f2c953e3c0f4"
        },
        {
          "type": "image",
          "assetId": "JcO6hVeuV",
          "checksum": "1ed3956ee68e86ac2c590ec5ef8476eb"
        },
        {
          "type": "image",
          "assetId": "pRYaYKHvt",
          "checksum": "2d0d4f23da1425235b75a5ed4ae97dbb"
        },
        {
          "type": "image",
          "assetId": "1A6JiiaVmxe",
          "checksum": "0071fa9577de93e00fdb014d2aca7c54"
        },
        {
          "type": "image",
          "assetId": "ZQPaCams0b8",
          "checksum": "1307d1f96d7e962993f193ed48fa9ed3"
        },
        {
          "type": "image",
          "assetId": "o43FY4kCa",
          "checksum": "57c0a44978031472fa06187603185f82"
        },
        {
          "type": "image",
          "assetId": "Ed07xk_bt",
          "checksum": "28d32e9e107aef8e5a17c8f02a992b20"
        },
        {
          "type": "image",
          "assetId": "ohYDVXmLH",
          "checksum": "ff313f6dca6db97cd0b6847838d0cae9"
        }
      ],
      "codegenVersion": "0.0.1"
    }
  ],
  "cliVersion": "0.1.208"
}
